github.com/joho/godotenv v1.5.1 h1:7eLL/+HRGLY0ldzfGMeQkb7vMd0as4CfYvUVzLqw0N0=
github.com/joho/godotenv v1.5.1/go.mod h1:f4LDr5Voq0i2e/R5DDNOoa2zzDfwtkZa6DnEwAbqwq4=
github.com/line/line-bot-sdk-go/v7 v7.20.0 h1:thFPRAHggENIY3+Kn1Er1obn5phrjFV1H6K6WNqaXRM=
github.com/line/line-bot-sdk-go/v7 v7.20.0/go.mod h1:idpoxOZgtSd8JyhctMMpwg5LNgRAIL/QIxa5S0DXcMg=
github.com/sashabaranov/go-openai v1.5.7 h1:8DGgRG+P7yWixte5j720y6yiXgY3Hlgcd0gcpHdltfo=
github.com/sashabaranov/go-openai v1.5.7/go.mod h1:lj5b/K+zjTSFxVLijLSTDZuP7adOgerWeFyZLUhAKRg=
